
Microsoft Visual Studio Solution File, Format Version 12.00
# Visual Studio Version 16
VisualStudioVersion = 16.0.30320.27
MinimumVisualStudioVersion = 10.0.40219.1
Project("{9A19103F-16F7-4668-BE54-9A1E7A4F7556}") = "HttpServerLib", "HttpServerLib\HttpServerLib.csproj", "{B01596C8-DFF4-4770-A8DC-B37569335C91}"
EndProject
Project("{FAE04EC0-301F-11D3-BF4B-00C04F79EFBC}") = "Example", "Example\Example.csproj", "{0E9BF06C-6B04-40A9-85E6-539694804F74}"
EndProject
Global
	GlobalSection(SolutionConfigurationPlatforms) = preSolution
		Debug|Any CPU = Debug|Any CPU
		Release|Any CPU = Release|Any CPU
	EndGlobalSection
	GlobalSection(ProjectConfigurationPlatforms) = postSolution
		{B01596C8-DFF4-4770-A8DC-B37569335C91}.Debug|Any CPU.ActiveCfg = Debug|Any CPU
		{B01596C8-DFF4-4770-A8DC-B37569335C91}.Debug|Any CPU.Build.0 = Debug|Any CPU
		{B01596C8-DFF4-4770-A8DC-B37569335C91}.Release|Any CPU.ActiveCfg = Release|Any CPU
		{B01596C8-DFF4-4770-A8DC-B37569335C91}.Release|Any CPU.Build.0 = Release|Any CPU
		{0E9BF06C-6B04-40A9-85E6-539694804F74}.Debug|Any CPU.ActiveCfg = Debug|Any CPU
		{0E9BF06C-6B04-40A9-85E6-539694804F74}.Debug|Any CPU.Build.0 = Debug|Any CPU
		{0E9BF06C-6B04-40A9-85E6-539694804F74}.Release|Any CPU.ActiveCfg = Release|Any CPU
		{0E9BF06C-6B04-40A9-85E6-539694804F74}.Release|Any CPU.Build.0 = Release|Any CPU
	EndGlobalSection
	GlobalSection(SolutionProperties) = preSolution
		HideSolutionNode = FALSE
	EndGlobalSection
	GlobalSection(ExtensibilityGlobals) = postSolution
		SolutionGuid = {650786AC-8DF0-4C3C-B3C6-CC75DDE3A721}
	EndGlobalSection
EndGlobal
